
Microsoft Visual Studio Solution File, Format Version 12.00
# Visual Studio Version 16
VisualStudioVersion = 16.0.31613.86
MinimumVisualStudioVersion = 10.0.40219.1
Project("{FAE04EC0-301F-11D3-BF4B-00C04F79EFBC}") = "BCP.Test.Api", "BCP.Test.Api\BCP.Test.Api.csproj", "{834D08E1-A27F-408E-B07A-585F82D716EB}"
EndProject
Global
	GlobalSection(SolutionConfigurationPlatforms) = preSolution
		Debug|Any CPU = Debug|Any CPU
		Release|Any CPU = Release|Any CPU
	EndGlobalSection
	GlobalSection(ProjectConfigurationPlatforms) = postSolution
		{834D08E1-A27F-408E-B07A-585F82D716EB}.Debug|Any CPU.ActiveCfg = Debug|Any CPU
		{834D08E1-A27F-408E-B07A-585F82D716EB}.Debug|Any CPU.Build.0 = Debug|Any CPU
		{834D08E1-A27F-408E-B07A-585F82D716EB}.Release|Any CPU.ActiveCfg = Release|Any CPU
		{834D08E1-A27F-408E-B07A-585F82D716EB}.Release|Any CPU.Build.0 = Release|Any CPU
	EndGlobalSection
	GlobalSection(SolutionProperties) = preSolution
		HideSolutionNode = FALSE
	EndGlobalSection
	GlobalSection(ExtensibilityGlobals) = postSolution
		SolutionGuid = {2CABF647-FC90-4FB1-A8D4-5E489D7C09D8}
	EndGlobalSection
EndGlobal
